// !$*UTF8*$!
{
	archiveVersion = 1;
	classes = {
	};
	objectVersion = 46;
	objects = {

/* Begin PBXBuildFile section */
		EB1C2A6519E4B534000DC2C1 /* Color.swift in Sources */ = {isa = PBXBuildFile; fileRef = EB1C2A6419E4B534000DC2C1 /* Color.swift */; };
		EB1C2A7719E4D1AC000DC2C1 /* ViewTests.swift in Sources */ = {isa = PBXBuildFile; fileRef = EB1C2A7619E4D1AC000DC2C1 /* ViewTests.swift */; };
		EB1C2A7819E4D1CE000DC2C1 /* Prototope.framework in Frameworks */ = {isa = PBXBuildFile; fileRef = EBE3A75619DF79C400A77736 /* Prototope.framework */; };
		EB1C2A7C19E4D2B8000DC2C1 /* Prototope.framework in CopyFiles */ = {isa = PBXBuildFile; fileRef = EBE3A75619DF79C400A77736 /* Prototope.framework */; settings = {ATTRIBUTES = (CodeSignOnCopy, RemoveHeadersOnCopy, ); }; };
		EB306C0F19DF77CC00113FA3 /* AppDelegate.swift in Sources */ = {isa = PBXBuildFile; fileRef = EB306C0E19DF77CC00113FA3 /* AppDelegate.swift */; };
		EB306C1119DF77CC00113FA3 /* ViewController.swift in Sources */ = {isa = PBXBuildFile; fileRef = EB306C1019DF77CC00113FA3 /* ViewController.swift */; };
		EB306C1419DF77CD00113FA3 /* Main.storyboard in Resources */ = {isa = PBXBuildFile; fileRef = EB306C1219DF77CD00113FA3 /* Main.storyboard */; };
		EB306C1619DF77CD00113FA3 /* Images.xcassets in Resources */ = {isa = PBXBuildFile; fileRef = EB306C1519DF77CD00113FA3 /* Images.xcassets */; };
		EB306C1919DF77CD00113FA3 /* LaunchScreen.xib in Resources */ = {isa = PBXBuildFile; fileRef = EB306C1719DF77CD00113FA3 /* LaunchScreen.xib */; };
		EB50FA1219F04A07007A3C32 /* Image.swift in Sources */ = {isa = PBXBuildFile; fileRef = EB50FA1119F04A07007A3C32 /* Image.swift */; };
		EBABE67D19E4AEF100483EEF /* Geometry.swift in Sources */ = {isa = PBXBuildFile; fileRef = EBABE67C19E4AEF100483EEF /* Geometry.swift */; };
		EBB3505F1A166E690046AD07 /* Dictionary+Extensions.swift in Sources */ = {isa = PBXBuildFile; fileRef = EBB3505E1A166E690046AD07 /* Dictionary+Extensions.swift */; };
		EBB565DB19F074B000D93DE3 /* Math.swift in Sources */ = {isa = PBXBuildFile; fileRef = EBB565DA19F074B000D93DE3 /* Math.swift */; };
		EBB565DD19F0774F00D93DE3 /* MathTests.swift in Sources */ = {isa = PBXBuildFile; fileRef = EBB565DC19F0774F00D93DE3 /* MathTests.swift */; };
		EBB565DF19F07A2900D93DE3 /* GeometryTests.swift in Sources */ = {isa = PBXBuildFile; fileRef = EBB565DE19F07A2900D93DE3 /* GeometryTests.swift */; };
		EBBA431719F45186000B81BE /* Gesture.swift in Sources */ = {isa = PBXBuildFile; fileRef = EBBA431619F45186000B81BE /* Gesture.swift */; };
		EBE17A0619E65D1B00C308E5 /* Timing.swift in Sources */ = {isa = PBXBuildFile; fileRef = EBE17A0519E65D1B00C308E5 /* Timing.swift */; };
		EBE17A0819E65E5500C308E5 /* Animation.swift in Sources */ = {isa = PBXBuildFile; fileRef = EBE17A0719E65E5500C308E5 /* Animation.swift */; };
		EBE3A76A19DF79C400A77736 /* Prototope.framework in Frameworks */ = {isa = PBXBuildFile; fileRef = EBE3A75619DF79C400A77736 /* Prototope.framework */; };
		EBE3A76B19DF79C400A77736 /* Prototope.framework in Embed Frameworks */ = {isa = PBXBuildFile; fileRef = EBE3A75619DF79C400A77736 /* Prototope.framework */; settings = {ATTRIBUTES = (CodeSignOnCopy, RemoveHeadersOnCopy, ); }; };
		EBE3A77519DF79E900A77736 /* Layer.swift in Sources */ = {isa = PBXBuildFile; fileRef = EBE3A74E19DF78D500A77736 /* Layer.swift */; };
/* End PBXBuildFile section */

/* Begin PBXContainerItemProxy section */
		EB1C2A7919E4D1D2000DC2C1 /* PBXContainerItemProxy */ = {
			isa = PBXContainerItemProxy;
			containerPortal = EB306C0119DF77CC00113FA3 /* Project object */;
			proxyType = 1;
			remoteGlobalIDString = EBE3A75519DF79C400A77736;
			remoteInfo = Prototope;
		};
		EBE3A76819DF79C400A77736 /* PBXContainerItemProxy */ = {
			isa = PBXContainerItemProxy;
			containerPortal = EB306C0119DF77CC00113FA3 /* Project object */;
			proxyType = 1;
			remoteGlobalIDString = EBE3A75519DF79C400A77736;
			remoteInfo = Prototope;
		};
		EBE3A76C19DF79C400A77736 /* PBXContainerItemProxy */ = {
			isa = PBXContainerItemProxy;
			containerPortal = EB306C0119DF77CC00113FA3 /* Project object */;
			proxyType = 1;
			remoteGlobalIDString = EBE3A75519DF79C400A77736;
			remoteInfo = Prototope;
		};
/* End PBXContainerItemProxy section */

/* Begin PBXCopyFilesBuildPhase section */
		EB1C2A7B19E4D2AF000DC2C1 /* CopyFiles */ = {
			isa = PBXCopyFilesBuildPhase;
			buildActionMask = 2147483647;
			dstPath = "";
			dstSubfolderSpec = 10;
			files = (
				EB1C2A7C19E4D2B8000DC2C1 /* Prototope.framework in CopyFiles */,
			);
			runOnlyForDeploymentPostprocessing = 0;
		};
		EBE3A77119DF79C400A77736 /* Embed Frameworks */ = {
			isa = PBXCopyFilesBuildPhase;
			buildActionMask = 2147483647;
			dstPath = "";
			dstSubfolderSpec = 10;
			files = (
				EBE3A76B19DF79C400A77736 /* Prototope.framework in Embed Frameworks */,
			);
			name = "Embed Frameworks";
			runOnlyForDeploymentPostprocessing = 0;
		};
/* End PBXCopyFilesBuildPhase section */

/* Begin PBXFileReference section */
		EB1C2A6419E4B534000DC2C1 /* Color.swift */ = {isa = PBXFileReference; fileEncoding = 4; lastKnownFileType = sourcecode.swift; path = Color.swift; sourceTree = "<group>"; };
		EB1C2A6C19E4D19B000DC2C1 /* PrototopeTests.xctest */ = {isa = PBXFileReference; explicitFileType = wrapper.cfbundle; includeInIndex = 0; path = PrototopeTests.xctest; sourceTree = BUILT_PRODUCTS_DIR; };
		EB1C2A6F19E4D19B000DC2C1 /* Info.plist */ = {isa = PBXFileReference; lastKnownFileType = text.plist.xml; path = Info.plist; sourceTree = "<group>"; };
		EB1C2A7519E4D1AB000DC2C1 /* PrototopeTests-Bridging-Header.h */ = {isa = PBXFileReference; lastKnownFileType = sourcecode.c.h; path = "PrototopeTests-Bridging-Header.h"; sourceTree = "<group>"; };
		EB1C2A7619E4D1AC000DC2C1 /* ViewTests.swift */ = {isa = PBXFileReference; fileEncoding = 4; lastKnownFileType = sourcecode.swift; path = ViewTests.swift; sourceTree = "<group>"; };
		EB306C0919DF77CC00113FA3 /* PrototopeTestApp.app */ = {isa = PBXFileReference; explicitFileType = wrapper.application; includeInIndex = 0; path = PrototopeTestApp.app; sourceTree = BUILT_PRODUCTS_DIR; };
		EB306C0D19DF77CC00113FA3 /* Info.plist */ = {isa = PBXFileReference; lastKnownFileType = text.plist.xml; path = Info.plist; sourceTree = "<group>"; };
		EB306C0E19DF77CC00113FA3 /* AppDelegate.swift */ = {isa = PBXFileReference; lastKnownFileType = sourcecode.swift; path = AppDelegate.swift; sourceTree = "<group>"; };
		EB306C1019DF77CC00113FA3 /* ViewController.swift */ = {isa = PBXFileReference; lastKnownFileType = sourcecode.swift; path = ViewController.swift; sourceTree = "<group>"; };
		EB306C1319DF77CD00113FA3 /* Base */ = {isa = PBXFileReference; lastKnownFileType = file.storyboard; name = Base; path = Base.lproj/Main.storyboard; sourceTree = "<group>"; };
		EB306C1519DF77CD00113FA3 /* Images.xcassets */ = {isa = PBXFileReference; lastKnownFileType = folder.assetcatalog; path = Images.xcassets; sourceTree = "<group>"; };
		EB306C1819DF77CD00113FA3 /* Base */ = {isa = PBXFileReference; lastKnownFileType = file.xib; name = Base; path = Base.lproj/LaunchScreen.xib; sourceTree = "<group>"; };
		EB50FA1119F04A07007A3C32 /* Image.swift */ = {isa = PBXFileReference; fileEncoding = 4; lastKnownFileType = sourcecode.swift; path = Image.swift; sourceTree = "<group>"; };
		EBABE67C19E4AEF100483EEF /* Geometry.swift */ = {isa = PBXFileReference; fileEncoding = 4; lastKnownFileType = sourcecode.swift; path = Geometry.swift; sourceTree = "<group>"; };
		EBB3505E1A166E690046AD07 /* Dictionary+Extensions.swift */ = {isa = PBXFileReference; fileEncoding = 4; lastKnownFileType = sourcecode.swift; path = "Dictionary+Extensions.swift"; sourceTree = "<group>"; };
		EBB565DA19F074B000D93DE3 /* Math.swift */ = {isa = PBXFileReference; fileEncoding = 4; lastKnownFileType = sourcecode.swift; path = Math.swift; sourceTree = "<group>"; };
		EBB565DC19F0774F00D93DE3 /* MathTests.swift */ = {isa = PBXFileReference; fileEncoding = 4; lastKnownFileType = sourcecode.swift; path = MathTests.swift; sourceTree = "<group>"; };
		EBB565DE19F07A2900D93DE3 /* GeometryTests.swift */ = {isa = PBXFileReference; fileEncoding = 4; lastKnownFileType = sourcecode.swift; path = GeometryTests.swift; sourceTree = "<group>"; };
		EBBA431619F45186000B81BE /* Gesture.swift */ = {isa = PBXFileReference; fileEncoding = 4; lastKnownFileType = sourcecode.swift; path = Gesture.swift; sourceTree = "<group>"; };
		EBE17A0519E65D1B00C308E5 /* Timing.swift */ = {isa = PBXFileReference; fileEncoding = 4; lastKnownFileType = sourcecode.swift; path = Timing.swift; sourceTree = "<group>"; };
		EBE17A0719E65E5500C308E5 /* Animation.swift */ = {isa = PBXFileReference; fileEncoding = 4; lastKnownFileType = sourcecode.swift; path = Animation.swift; sourceTree = "<group>"; };
		EBE3A74E19DF78D500A77736 /* Layer.swift */ = {isa = PBXFileReference; fileEncoding = 4; lastKnownFileType = sourcecode.swift; path = Layer.swift; sourceTree = "<group>"; };
		EBE3A75619DF79C400A77736 /* Prototope.framework */ = {isa = PBXFileReference; explicitFileType = wrapper.framework; includeInIndex = 0; path = Prototope.framework; sourceTree = BUILT_PRODUCTS_DIR; };
		EBE3A75919DF79C400A77736 /* Info.plist */ = {isa = PBXFileReference; lastKnownFileType = text.plist.xml; path = Info.plist; sourceTree = "<group>"; };
/* End PBXFileReference section */

/* Begin PBXFrameworksBuildPhase section */
		EB1C2A6919E4D19B000DC2C1 /* Frameworks */ = {
			isa = PBXFrameworksBuildPhase;
			buildActionMask = 2147483647;
			files = (
				EB1C2A7819E4D1CE000DC2C1 /* Prototope.framework in Frameworks */,
			);
			runOnlyForDeploymentPostprocessing = 0;
		};
		EB306C0619DF77CC00113FA3 /* Frameworks */ = {
			isa = PBXFrameworksBuildPhase;
			buildActionMask = 2147483647;
			files = (
				EBE3A76A19DF79C400A77736 /* Prototope.framework in Frameworks */,
			);
			runOnlyForDeploymentPostprocessing = 0;
		};
		EBE3A75219DF79C400A77736 /* Frameworks */ = {
			isa = PBXFrameworksBuildPhase;
			buildActionMask = 2147483647;
			files = (
			);
			runOnlyForDeploymentPostprocessing = 0;
		};
/* End PBXFrameworksBuildPhase section */

/* Begin PBXGroup section */
		EB1C2A6D19E4D19B000DC2C1 /* PrototopeTests */ = {
			isa = PBXGroup;
			children = (
				EB1C2A7619E4D1AC000DC2C1 /* ViewTests.swift */,
				EB1C2A6E19E4D19B000DC2C1 /* Supporting Files */,
				EB1C2A7519E4D1AB000DC2C1 /* PrototopeTests-Bridging-Header.h */,
				EBB565DC19F0774F00D93DE3 /* MathTests.swift */,
				EBB565DE19F07A2900D93DE3 /* GeometryTests.swift */,
			);
			path = PrototopeTests;
			sourceTree = "<group>";
		};
		EB1C2A6E19E4D19B000DC2C1 /* Supporting Files */ = {
			isa = PBXGroup;
			children = (
				EB1C2A6F19E4D19B000DC2C1 /* Info.plist */,
			);
			name = "Supporting Files";
			sourceTree = "<group>";
		};
		EB306C0019DF77CC00113FA3 = {
			isa = PBXGroup;
			children = (
				EB306C3319DF78A900113FA3 /* Prototope */,
				EB1C2A6D19E4D19B000DC2C1 /* PrototopeTests */,
				EB306C0B19DF77CC00113FA3 /* PrototopeTestApp */,
				EB306C0A19DF77CC00113FA3 /* Products */,
			);
			sourceTree = "<group>";
		};
		EB306C0A19DF77CC00113FA3 /* Products */ = {
			isa = PBXGroup;
			children = (
				EB306C0919DF77CC00113FA3 /* PrototopeTestApp.app */,
				EBE3A75619DF79C400A77736 /* Prototope.framework */,
				EB1C2A6C19E4D19B000DC2C1 /* PrototopeTests.xctest */,
			);
			name = Products;
			sourceTree = "<group>";
		};
		EB306C0B19DF77CC00113FA3 /* PrototopeTestApp */ = {
			isa = PBXGroup;
			children = (
				EB306C0E19DF77CC00113FA3 /* AppDelegate.swift */,
				EB306C1019DF77CC00113FA3 /* ViewController.swift */,
				EB306C1219DF77CD00113FA3 /* Main.storyboard */,
				EB306C1519DF77CD00113FA3 /* Images.xcassets */,
				EB306C1719DF77CD00113FA3 /* LaunchScreen.xib */,
				EB306C0C19DF77CC00113FA3 /* Supporting Files */,
			);
			path = PrototopeTestApp;
			sourceTree = "<group>";
		};
		EB306C0C19DF77CC00113FA3 /* Supporting Files */ = {
			isa = PBXGroup;
			children = (
				EB306C0D19DF77CC00113FA3 /* Info.plist */,
			);
			name = "Supporting Files";
			sourceTree = "<group>";
		};
		EB306C3319DF78A900113FA3 /* Prototope */ = {
			isa = PBXGroup;
			children = (
				EBB3505D1A166E5E0046AD07 /* Utilities */,
				EBE3A74E19DF78D500A77736 /* Layer.swift */,
				EBABE67C19E4AEF100483EEF /* Geometry.swift */,
				EB1C2A6419E4B534000DC2C1 /* Color.swift */,
				EBE17A0519E65D1B00C308E5 /* Timing.swift */,
				EBE17A0719E65E5500C308E5 /* Animation.swift */,
				EB50FA1119F04A07007A3C32 /* Image.swift */,
				EBB565DA19F074B000D93DE3 /* Math.swift */,
				EBBA431619F45186000B81BE /* Gesture.swift */,
				EBE3A75819DF79C400A77736 /* Supporting Files */,
			);
			path = Prototope;
			sourceTree = "<group>";
		};
		EBB3505D1A166E5E0046AD07 /* Utilities */ = {
			isa = PBXGroup;
			children = (
				EBB3505E1A166E690046AD07 /* Dictionary+Extensions.swift */,
			);
			name = Utilities;
			sourceTree = "<group>";
		};
		EBE3A75819DF79C400A77736 /* Supporting Files */ = {
			isa = PBXGroup;
			children = (
				EBE3A75919DF79C400A77736 /* Info.plist */,
			);
			name = "Supporting Files";
			sourceTree = "<group>";
		};
/* End PBXGroup section */

/* Begin PBXHeadersBuildPhase section */
		EBE3A75319DF79C400A77736 /* Headers */ = {
			isa = PBXHeadersBuildPhase;
			buildActionMask = 2147483647;
			files = (
			);
			runOnlyForDeploymentPostprocessing = 0;
		};
/* End PBXHeadersBuildPhase section */

/* Begin PBXNativeTarget section */
		EB1C2A6B19E4D19B000DC2C1 /* PrototopeTests */ = {
			isa = PBXNativeTarget;
			buildConfigurationList = EB1C2A7219E4D19B000DC2C1 /* Build configuration list for PBXNativeTarget "PrototopeTests" */;
			buildPhases = (
				EB1C2A6819E4D19B000DC2C1 /* Sources */,
				EB1C2A6919E4D19B000DC2C1 /* Frameworks */,
				EB1C2A6A19E4D19B000DC2C1 /* Resources */,
				EB1C2A7B19E4D2AF000DC2C1 /* CopyFiles */,
			);
			buildRules = (
			);
			dependencies = (
				EB1C2A7A19E4D1D2000DC2C1 /* PBXTargetDependency */,
			);
			name = PrototopeTests;
			productName = PrototopeTests;
			productReference = EB1C2A6C19E4D19B000DC2C1 /* PrototopeTests.xctest */;
			productType = "com.apple.product-type.bundle.unit-test";
		};
		EB306C0819DF77CC00113FA3 /* PrototopeTestApp */ = {
			isa = PBXNativeTarget;
			buildConfigurationList = EB306C2819DF77CD00113FA3 /* Build configuration list for PBXNativeTarget "PrototopeTestApp" */;
			buildPhases = (
				EB306C0519DF77CC00113FA3 /* Sources */,
				EB306C0619DF77CC00113FA3 /* Frameworks */,
				EB306C0719DF77CC00113FA3 /* Resources */,
				EBE3A77119DF79C400A77736 /* Embed Frameworks */,
			);
			buildRules = (
			);
			dependencies = (
				EBE3A76919DF79C400A77736 /* PBXTargetDependency */,
				EBE3A76D19DF79C400A77736 /* PBXTargetDependency */,
			);
			name = PrototopeTestApp;
			productName = Prototope;
			productReference = EB306C0919DF77CC00113FA3 /* PrototopeTestApp.app */;
			productType = "com.apple.product-type.application";
		};
		EBE3A75519DF79C400A77736 /* Prototope */ = {
			isa = PBXNativeTarget;
			buildConfigurationList = EBE3A76E19DF79C400A77736 /* Build configuration list for PBXNativeTarget "Prototope" */;
			buildPhases = (
				EBE3A75119DF79C400A77736 /* Sources */,
				EBE3A75219DF79C400A77736 /* Frameworks */,
				EBE3A75319DF79C400A77736 /* Headers */,
				EBE3A75419DF79C400A77736 /* Resources */,
			);
			buildRules = (
			);
			dependencies = (
			);
			name = Prototope;
			productName = Prototope;
			productReference = EBE3A75619DF79C400A77736 /* Prototope.framework */;
			productType = "com.apple.product-type.framework";
		};
/* End PBXNativeTarget section */

/* Begin PBXProject section */
		EB306C0119DF77CC00113FA3 /* Project object */ = {
			isa = PBXProject;
			attributes = {
				LastUpgradeCheck = 0600;
				ORGANIZATIONNAME = "Khan Academy";
				TargetAttributes = {
					EB1C2A6B19E4D19B000DC2C1 = {
						CreatedOnToolsVersion = 6.0.1;
					};
					EB306C0819DF77CC00113FA3 = {
						CreatedOnToolsVersion = 6.0.1;
						DevelopmentTeam = K5T4H4978B;
					};
					EBE3A75519DF79C400A77736 = {
						CreatedOnToolsVersion = 6.0.1;
					};
				};
			};
			buildConfigurationList = EB306C0419DF77CC00113FA3 /* Build configuration list for PBXProject "Prototope" */;
			compatibilityVersion = "Xcode 3.2";
			developmentRegion = English;
			hasScannedForEncodings = 0;
			knownRegions = (
				en,
				Base,
			);
			mainGroup = EB306C0019DF77CC00113FA3;
			productRefGroup = EB306C0A19DF77CC00113FA3 /* Products */;
			projectDirPath = "";
			projectRoot = "";
			targets = (
				EBE3A75519DF79C400A77736 /* Prototope */,
				EB306C0819DF77CC00113FA3 /* PrototopeTestApp */,
				EB1C2A6B19E4D19B000DC2C1 /* PrototopeTests */,
			);
		};
/* End PBXProject section */

/* Begin PBXResourcesBuildPhase section */
		EB1C2A6A19E4D19B000DC2C1 /* Resources */ = {
			isa = PBXResourcesBuildPhase;
			buildActionMask = 2147483647;
			files = (
			);
			runOnlyForDeploymentPostprocessing = 0;
		};
		EB306C0719DF77CC00113FA3 /* Resources */ = {
			isa = PBXResourcesBuildPhase;
			buildActionMask = 2147483647;
			files = (
				EB306C1419DF77CD00113FA3 /* Main.storyboard in Resources */,
				EB306C1919DF77CD00113FA3 /* LaunchScreen.xib in Resources */,
				EB306C1619DF77CD00113FA3 /* Images.xcassets in Resources */,
			);
			runOnlyForDeploymentPostprocessing = 0;
		};
		EBE3A75419DF79C400A77736 /* Resources */ = {
			isa = PBXResourcesBuildPhase;
			buildActionMask = 2147483647;
			files = (
			);
			runOnlyForDeploymentPostprocessing = 0;
		};
/* End PBXResourcesBuildPhase section */

/* Begin PBXSourcesBuildPhase section */
		EB1C2A6819E4D19B000DC2C1 /* Sources */ = {
			isa = PBXSourcesBuildPhase;
			buildActionMask = 2147483647;
			files = (
				EB1C2A7719E4D1AC000DC2C1 /* ViewTests.swift in Sources */,
				EBB565DF19F07A2900D93DE3 /* GeometryTests.swift in Sources */,
				EBB565DD19F0774F00D93DE3 /* MathTests.swift in Sources */,
			);
			runOnlyForDeploymentPostprocessing = 0;
		};
		EB306C0519DF77CC00113FA3 /* Sources */ = {
			isa = PBXSourcesBuildPhase;
			buildActionMask = 2147483647;
			files = (
				EB306C1119DF77CC00113FA3 /* ViewController.swift in Sources */,
				EB306C0F19DF77CC00113FA3 /* AppDelegate.swift in Sources */,
			);
			runOnlyForDeploymentPostprocessing = 0;
		};
		EBE3A75119DF79C400A77736 /* Sources */ = {
			isa = PBXSourcesBuildPhase;
			buildActionMask = 2147483647;
			files = (
				EBE3A77519DF79E900A77736 /* Layer.swift in Sources */,
				EB50FA1219F04A07007A3C32 /* Image.swift in Sources */,
				EBB3505F1A166E690046AD07 /* Dictionary+Extensions.swift in Sources */,
				EBABE67D19E4AEF100483EEF /* Geometry.swift in Sources */,
				EBB565DB19F074B000D93DE3 /* Math.swift in Sources */,
				EB1C2A6519E4B534000DC2C1 /* Color.swift in Sources */,
				EBE17A0819E65E5500C308E5 /* Animation.swift in Sources */,
				EBE17A0619E65D1B00C308E5 /* Timing.swift in Sources */,
				EBBA431719F45186000B81BE /* Gesture.swift in Sources */,
			);
			runOnlyForDeploymentPostprocessing = 0;
		};
/* End PBXSourcesBuildPhase section */

/* Begin PBXTargetDependency section */
		EB1C2A7A19E4D1D2000DC2C1 /* PBXTargetDependency */ = {
			isa = PBXTargetDependency;
			target = EBE3A75519DF79C400A77736 /* Prototope */;
			targetProxy = EB1C2A7919E4D1D2000DC2C1 /* PBXContainerItemProxy */;
		};
		EBE3A76919DF79C400A77736 /* PBXTargetDependency */ = {
			isa = PBXTargetDependency;
			target = EBE3A75519DF79C400A77736 /* Prototope */;
			targetProxy = EBE3A76819DF79C400A77736 /* PBXContainerItemProxy */;
		};
		EBE3A76D19DF79C400A77736 /* PBXTargetDependency */ = {
			isa = PBXTargetDependency;
			target = EBE3A75519DF79C400A77736 /* Prototope */;
			targetProxy = EBE3A76C19DF79C400A77736 /* PBXContainerItemProxy */;
		};
/* End PBXTargetDependency section */

/* Begin PBXVariantGroup section */
		EB306C1219DF77CD00113FA3 /* Main.storyboard */ = {
			isa = PBXVariantGroup;
			children = (
				EB306C1319DF77CD00113FA3 /* Base */,
			);
			name = Main.storyboard;
			sourceTree = "<group>";
		};
		EB306C1719DF77CD00113FA3 /* LaunchScreen.xib */ = {
			isa = PBXVariantGroup;
			children = (
				EB306C1819DF77CD00113FA3 /* Base */,
			);
			name = LaunchScreen.xib;
			sourceTree = "<group>";
		};
/* End PBXVariantGroup section */

/* Begin XCBuildConfiguration section */
		EB1C2A7319E4D19B000DC2C1 /* Debug */ = {
			isa = XCBuildConfiguration;
			buildSettings = {
				CLANG_ENABLE_MODULES = YES;
				FRAMEWORK_SEARCH_PATHS = (
					"$(SDKROOT)/Developer/Library/Frameworks",
					"$(inherited)",
				);
				GCC_PREPROCESSOR_DEFINITIONS = (
					"DEBUG=1",
					"$(inherited)",
				);
				INFOPLIST_FILE = PrototopeTests/Info.plist;
				LD_RUNPATH_SEARCH_PATHS = "$(inherited) @executable_path/Frameworks @loader_path/Frameworks";
				PRODUCT_NAME = "$(TARGET_NAME)";
				SWIFT_OBJC_BRIDGING_HEADER = "PrototopeTests/PrototopeTests-Bridging-Header.h";
				SWIFT_OPTIMIZATION_LEVEL = "-Onone";
			};
			name = Debug;
		};
		EB1C2A7419E4D19B000DC2C1 /* Release */ = {
			isa = XCBuildConfiguration;
			buildSettings = {
				CLANG_ENABLE_MODULES = YES;
				FRAMEWORK_SEARCH_PATHS = (
					"$(SDKROOT)/Developer/Library/Frameworks",
					"$(inherited)",
				);
				INFOPLIST_FILE = PrototopeTests/Info.plist;
				LD_RUNPATH_SEARCH_PATHS = "$(inherited) @executable_path/Frameworks @loader_path/Frameworks";
				PRODUCT_NAME = "$(TARGET_NAME)";
				SWIFT_OBJC_BRIDGING_HEADER = "PrototopeTests/PrototopeTests-Bridging-Header.h";
			};
			name = Release;
		};
		EB306C2619DF77CD00113FA3 /* Debug */ = {
			isa = XCBuildConfiguration;
			buildSettings = {
				ALWAYS_SEARCH_USER_PATHS = NO;
				CLANG_CXX_LANGUAGE_STANDARD = "gnu++0x";
				CLANG_CXX_LIBRARY = "libc++";
				CLANG_ENABLE_MODULES = YES;
				CLANG_ENABLE_OBJC_ARC = YES;
				CLANG_WARN_BOOL_CONVERSION = YES;
				CLANG_WARN_CONSTANT_CONVERSION = YES;
				CLANG_WARN_DIRECT_OBJC_ISA_USAGE = YES_ERROR;
				CLANG_WARN_EMPTY_BODY = YES;
				CLANG_WARN_ENUM_CONVERSION = YES;
				CLANG_WARN_INT_CONVERSION = YES;
				CLANG_WARN_OBJC_ROOT_CLASS = YES_ERROR;
				CLANG_WARN_UNREACHABLE_CODE = YES;
				CLANG_WARN__DUPLICATE_METHOD_MATCH = YES;
				"CODE_SIGN_IDENTITY[sdk=iphoneos*]" = "iPhone Developer";
				COPY_PHASE_STRIP = NO;
				ENABLE_STRICT_OBJC_MSGSEND = YES;
				GCC_C_LANGUAGE_STANDARD = gnu99;
				GCC_DYNAMIC_NO_PIC = NO;
				GCC_OPTIMIZATION_LEVEL = 0;
				GCC_PREPROCESSOR_DEFINITIONS = (
					"DEBUG=1",
					"$(inherited)",
				);
				GCC_SYMBOLS_PRIVATE_EXTERN = NO;
				GCC_WARN_64_TO_32_BIT_CONVERSION = YES;
				GCC_WARN_ABOUT_RETURN_TYPE = YES_ERROR;
				GCC_WARN_UNDECLARED_SELECTOR = YES;
				GCC_WARN_UNINITIALIZED_AUTOS = YES_AGGRESSIVE;
				GCC_WARN_UNUSED_FUNCTION = YES;
				GCC_WARN_UNUSED_VARIABLE = YES;
				IPHONEOS_DEPLOYMENT_TARGET = 8.0;
				MTL_ENABLE_DEBUG_INFO = YES;
				ONLY_ACTIVE_ARCH = YES;
				SDKROOT = iphoneos;
				SWIFT_OPTIMIZATION_LEVEL = "-Onone";
				TARGETED_DEVICE_FAMILY = 2;
			};
			name = Debug;
		};
		EB306C2719DF77CD00113FA3 /* Release */ = {
			isa = XCBuildConfiguration;
			buildSettings = {
				ALWAYS_SEARCH_USER_PATHS = NO;
				CLANG_CXX_LANGUAGE_STANDARD = "gnu++0x";
				CLANG_CXX_LIBRARY = "libc++";
				CLANG_ENABLE_MODULES = YES;
				CLANG_ENABLE_OBJC_ARC = YES;
				CLANG_WARN_BOOL_CONVERSION = YES;
				CLANG_WARN_CONSTANT_CONVERSION = YES;
				CLANG_WARN_DIRECT_OBJC_ISA_USAGE = YES_ERROR;
				CLANG_WARN_EMPTY_BODY = YES;
				CLANG_WARN_ENUM_CONVERSION = YES;
				CLANG_WARN_INT_CONVERSION = YES;
				CLANG_WARN_OBJC_ROOT_CLASS = YES_ERROR;
				CLANG_WARN_UNREACHABLE_CODE = YES;
				CLANG_WARN__DUPLICATE_METHOD_MATCH = YES;
				"CODE_SIGN_IDENTITY[sdk=iphoneos*]" = "iPhone Developer";
				COPY_PHASE_STRIP = YES;
				ENABLE_NS_ASSERTIONS = NO;
				ENABLE_STRICT_OBJC_MSGSEND = YES;
				GCC_C_LANGUAGE_STANDARD = gnu99;
				GCC_WARN_64_TO_32_BIT_CONVERSION = YES;
				GCC_WARN_ABOUT_RETURN_TYPE = YES_ERROR;
				GCC_WARN_UNDECLARED_SELECTOR = YES;
				GCC_WARN_UNINITIALIZED_AUTOS = YES_AGGRESSIVE;
				GCC_WARN_UNUSED_FUNCTION = YES;
				GCC_WARN_UNUSED_VARIABLE = YES;
				IPHONEOS_DEPLOYMENT_TARGET = 8.0;
				MTL_ENABLE_DEBUG_INFO = NO;
				SDKROOT = iphoneos;
				TARGETED_DEVICE_FAMILY = 2;
				VALIDATE_PRODUCT = YES;
			};
			name = Release;
		};
		EB306C2919DF77CD00113FA3 /* Debug */ = {
			isa = XCBuildConfiguration;
			buildSettings = {
				ASSETCATALOG_COMPILER_APPICON_NAME = AppIcon;
				CODE_SIGN_IDENTITY = "iPhone Developer";
				"CODE_SIGN_IDENTITY[sdk=iphoneos*]" = "iPhone Developer";
				INFOPLIST_FILE = PrototopeTestApp/Info.plist;
				LD_RUNPATH_SEARCH_PATHS = "$(inherited) @executable_path/Frameworks";
				PRODUCT_NAME = "$(TARGET_NAME)";
				PROVISIONING_PROFILE = "";
			};
			name = Debug;
		};
		EB306C2A19DF77CD00113FA3 /* Release */ = {
			isa = XCBuildConfiguration;
			buildSettings = {
				ASSETCATALOG_COMPILER_APPICON_NAME = AppIcon;
				CODE_SIGN_IDENTITY = "iPhone Developer";
				"CODE_SIGN_IDENTITY[sdk=iphoneos*]" = "iPhone Developer";
				INFOPLIST_FILE = PrototopeTestApp/Info.plist;
				LD_RUNPATH_SEARCH_PATHS = "$(inherited) @executable_path/Frameworks";
				PRODUCT_NAME = "$(TARGET_NAME)";
				PROVISIONING_PROFILE = "";
			};
			name = Release;
		};
		EBE3A76F19DF79C400A77736 /* Debug */ = {
			isa = XCBuildConfiguration;
			buildSettings = {
				CURRENT_PROJECT_VERSION = 1;
				DEFINES_MODULE = YES;
				DYLIB_COMPATIBILITY_VERSION = 1;
				DYLIB_CURRENT_VERSION = 1;
				DYLIB_INSTALL_NAME_BASE = "@rpath";
				GCC_PREPROCESSOR_DEFINITIONS = (
					"DEBUG=1",
					"$(inherited)",
				);
				INFOPLIST_FILE = Prototope/Info.plist;
				INSTALL_PATH = "$(LOCAL_LIBRARY_DIR)/Frameworks";
				LD_RUNPATH_SEARCH_PATHS = "$(inherited) @executable_path/Frameworks @loader_path/Frameworks";
				PRODUCT_NAME = "$(TARGET_NAME)";
				SKIP_INSTALL = YES;
				TARGETED_DEVICE_FAMILY = "1,2";
				VERSIONING_SYSTEM = "apple-generic";
				VERSION_INFO_PREFIX = "";
			};
			name = Debug;
		};
		EBE3A77019DF79C400A77736 /* Release */ = {
			isa = XCBuildConfiguration;
			buildSettings = {
				CURRENT_PROJECT_VERSION = 1;
				DEFINES_MODULE = YES;
				DYLIB_COMPATIBILITY_VERSION = 1;
				DYLIB_CURRENT_VERSION = 1;
				DYLIB_INSTALL_NAME_BASE = "@rpath";
				INFOPLIST_FILE = Prototope/Info.plist;
				INSTALL_PATH = "$(LOCAL_LIBRARY_DIR)/Frameworks";
				LD_RUNPATH_SEARCH_PATHS = "$(inherited) @executable_path/Frameworks @loader_path/Frameworks";
				PRODUCT_NAME = "$(TARGET_NAME)";
				SKIP_INSTALL = YES;
				TARGETED_DEVICE_FAMILY = "1,2";
				VERSIONING_SYSTEM = "apple-generic";
				VERSION_INFO_PREFIX = "";
			};
			name = Release;
		};
/* End XCBuildConfiguration section */

/* Begin XCConfigurationList section */
		EB1C2A7219E4D19B000DC2C1 /* Build configuration list for PBXNativeTarget "PrototopeTests" */ = {
			isa = XCConfigurationList;
			buildConfigurations = (
				EB1C2A7319E4D19B000DC2C1 /* Debug */,
				EB1C2A7419E4D19B000DC2C1 /* Release */,
			);
			defaultConfigurationIsVisible = 0;
			defaultConfigurationName = Release;
		};
		EB306C0419DF77CC00113FA3 /* Build configuration list for PBXProject "Prototope" */ = {
			isa = XCConfigurationList;
			buildConfigurations = (
				EB306C2619DF77CD00113FA3 /* Debug */,
				EB306C2719DF77CD00113FA3 /* Release */,
			);
			defaultConfigurationIsVisible = 0;
			defaultConfigurationName = Release;
		};
		EB306C2819DF77CD00113FA3 /* Build configuration list for PBXNativeTarget "PrototopeTestApp" */ = {
			isa = XCConfigurationList;
			buildConfigurations = (
				EB306C2919DF77CD00113FA3 /* Debug */,
				EB306C2A19DF77CD00113FA3 /* Release */,
			);
			defaultConfigurationIsVisible = 0;
			defaultConfigurationName = Release;
		};
		EBE3A76E19DF79C400A77736 /* Build configuration list for PBXNativeTarget "Prototope" */ = {
			isa = XCConfigurationList;
			buildConfigurations = (
				EBE3A76F19DF79C400A77736 /* Debug */,
				EBE3A77019DF79C400A77736 /* Release */,
			);
			defaultConfigurationIsVisible = 0;
			defaultConfigurationName = Release;
		};
/* End XCConfigurationList section */
	};
	rootObject = EB306C0119DF77CC00113FA3 /* Project object */;
}
